{
  "version": 4,
  "terraform_version": "1.6.2",
  "serial": 232,
  "lineage": "c21b29de-f5db-04bc-7c25-2d8d474c3a0f",
  "outputs": {},
  "resources": [
    {
      "mode": "managed",
      "type": "aws_api_gateway_deployment",
      "name": "my_api_deployment",
      "provider": "provider[\"registry.terraform.io/hashicorp/aws\"]",
      "instances": [
        {
          "schema_version": 0,
          "attributes": {
            "created_date": "2023-11-04T08:42:06Z",
            "description": "Production Stage",
            "execution_arn": "arn:aws:execute-api:us-east-1:291548415763:6tcv4ttbaj/test",
            "id": "mj8758",
            "invoke_url": "https://6tcv4ttbaj.execute-api.us-east-1.amazonaws.com/test",
            "rest_api_id": "6tcv4ttbaj",
            "stage_description": null,
            "stage_name": "test",
            "triggers": null,
            "variables": null
          },
          "sensitive_attributes": [],
          "private": "bnVsbA==",
          "dependencies": [
            "aws_api_gateway_integration.my_get_integration",
            "aws_api_gateway_method.my_get_method",
            "aws_api_gateway_resource.root",
            "aws_api_gateway_rest_api.my_api"
          ]
        }
      ]
    },
    {
      "mode": "managed",
      "type": "aws_api_gateway_integration",
      "name": "my_get_integration",
      "provider": "provider[\"registry.terraform.io/hashicorp/aws\"]",
      "instances": [
        {
          "schema_version": 0,
          "attributes": {
            "cache_key_parameters": null,
            "cache_namespace": "ipyp09",
            "connection_id": "",
            "connection_type": "INTERNET",
            "content_handling": "",
            "credentials": "",
            "http_method": "GET",
            "id": "agi-6tcv4ttbaj-ipyp09-GET",
            "integration_http_method": "POST",
            "passthrough_behavior": "WHEN_NO_MATCH",
            "request_parameters": null,
            "request_templates": null,
            "resource_id": "ipyp09",
            "rest_api_id": "6tcv4ttbaj",
            "timeout_milliseconds": 29000,
            "tls_config": [],
            "type": "AWS_PROXY",
            "uri": "arn:aws:apigateway:us-east-1:lambda:path/2015-03-31/functions/arn:aws:lambda:us-east-1:291548415763:function:my-lambda-function/invocations"
          },
          "sensitive_attributes": [],
          "private": "bnVsbA==",
          "dependencies": [
            "aws_api_gateway_method.my_get_method",
            "aws_api_gateway_resource.root",
            "aws_api_gateway_rest_api.my_api"
          ]
        }
      ]
    },
    {
      "mode": "managed",
      "type": "aws_api_gateway_integration_response",
      "name": "my_get_integration_response",
      "provider": "provider[\"registry.terraform.io/hashicorp/aws\"]",
      "instances": [
        {
          "schema_version": 0,
          "attributes": {
            "content_handling": "",
            "http_method": "GET",
            "id": "agir-6tcv4ttbaj-ipyp09-GET-200",
            "resource_id": "ipyp09",
            "response_parameters": null,
            "response_templates": null,
            "rest_api_id": "6tcv4ttbaj",
            "selection_pattern": "",
            "status_code": "200"
          },
          "sensitive_attributes": [],
          "private": "bnVsbA==",
          "dependencies": [
            "aws_api_gateway_method.my_get_method",
            "aws_api_gateway_method_response.my_get_response",
            "aws_api_gateway_resource.root",
            "aws_api_gateway_rest_api.my_api"
          ]
        }
      ]
    },
    {
      "mode": "managed",
      "type": "aws_api_gateway_method",
      "name": "my_get_method",
      "provider": "provider[\"registry.terraform.io/hashicorp/aws\"]",
      "instances": [
        {
          "schema_version": 0,
          "attributes": {
            "api_key_required": false,
            "authorization": "NONE",
            "authorization_scopes": null,
            "authorizer_id": null,
            "http_method": "GET",
            "id": "agm-6tcv4ttbaj-ipyp09-GET",
            "operation_name": null,
            "request_models": null,
            "request_parameters": null,
            "request_validator_id": null,
            "resource_id": "ipyp09",
            "rest_api_id": "6tcv4ttbaj"
          },
          "sensitive_attributes": [],
          "private": "bnVsbA==",
          "dependencies": [
            "aws_api_gateway_resource.root",
            "aws_api_gateway_rest_api.my_api"
          ]
        }
      ]
    },
    {
      "mode": "managed",
      "type": "aws_api_gateway_method_response",
      "name": "my_get_response",
      "provider": "provider[\"registry.terraform.io/hashicorp/aws\"]",
      "instances": [
        {
          "schema_version": 0,
          "attributes": {
            "http_method": "GET",
            "id": "agmr-6tcv4ttbaj-ipyp09-GET-200",
            "resource_id": "ipyp09",
            "response_models": null,
            "response_parameters": null,
            "rest_api_id": "6tcv4ttbaj",
            "status_code": "200"
          },
          "sensitive_attributes": [],
          "private": "bnVsbA==",
          "dependencies": [
            "aws_api_gateway_method.my_get_method",
            "aws_api_gateway_resource.root",
            "aws_api_gateway_rest_api.my_api"
          ]
        }
      ]
    },
    {
      "mode": "managed",
      "type": "aws_api_gateway_resource",
      "name": "root",
      "provider": "provider[\"registry.terraform.io/hashicorp/aws\"]",
      "instances": [
        {
          "schema_version": 0,
          "attributes": {
            "id": "ipyp09",
            "parent_id": "ornp2vmvbl",
            "path": "/my-api",
            "path_part": "my-api",
            "rest_api_id": "6tcv4ttbaj"
          },
          "sensitive_attributes": [],
          "private": "bnVsbA==",
          "dependencies": [
            "aws_api_gateway_rest_api.my_api"
          ]
        }
      ]
    },
    {
      "mode": "managed",
      "type": "aws_api_gateway_rest_api",
      "name": "my_api",
      "provider": "provider[\"registry.terraform.io/hashicorp/aws\"]",
      "instances": [
        {
          "schema_version": 0,
          "attributes": {
            "api_key_source": "HEADER",
            "arn": "arn:aws:apigateway:us-east-1::/restapis/6tcv4ttbaj",
            "binary_media_types": [],
            "body": null,
            "created_date": "2023-11-04T08:42:02Z",
            "description": "My API description",
            "disable_execute_api_endpoint": false,
            "endpoint_configuration": [
              {
                "types": [
                  "EDGE"
                ],
                "vpc_endpoint_ids": []
              }
            ],
            "execution_arn": "arn:aws:execute-api:us-east-1:291548415763:6tcv4ttbaj",
            "fail_on_warnings": null,
            "id": "6tcv4ttbaj",
            "minimum_compression_size": "",
            "name": "my-api",
            "parameters": null,
            "policy": "",
            "put_rest_api_mode": null,
            "root_resource_id": "ornp2vmvbl",
            "tags": null,
            "tags_all": {}
          },
          "sensitive_attributes": [],
          "private": "bnVsbA=="
        }
      ]
    },
    {
      "mode": "managed",
      "type": "aws_iam_role",
      "name": "lambda_role",
      "provider": "provider[\"registry.terraform.io/hashicorp/aws\"]",
      "instances": [
        {
          "schema_version": 0,
          "attributes": {
            "arn": "arn:aws:iam::291548415763:role/lambda-role",
            "assume_role_policy": "{\"Statement\":[{\"Action\":\"sts:AssumeRole\",\"Effect\":\"Allow\",\"Principal\":{\"Service\":\"lambda.amazonaws.com\"}}],\"Version\":\"2012-10-17\"}",
            "create_date": "2023-11-04T07:34:07Z",
            "description": "",
            "force_detach_policies": false,
            "id": "lambda-role",
            "inline_policy": [],
            "managed_policy_arns": [],
            "max_session_duration": 3600,
            "name": "lambda-role",
            "name_prefix": "",
            "path": "/",
            "permissions_boundary": "",
            "tags": {},
            "tags_all": {},
            "unique_id": "AROAUHYNDY4JT6RCJTSCP"
          },
          "sensitive_attributes": [],
          "private": "bnVsbA=="
        }
      ]
    },
    {
      "mode": "managed",
      "type": "aws_lambda_function",
      "name": "my_lambda",
      "provider": "provider[\"registry.terraform.io/hashicorp/aws\"]",
      "instances": [
        {
          "schema_version": 0,
          "attributes": {
            "architectures": [
              "x86_64"
            ],
            "arn": "arn:aws:lambda:us-east-1:291548415763:function:my-lambda-function",
            "code_signing_config_arn": "",
            "dead_letter_config": [],
            "description": "",
            "environment": [],
            "ephemeral_storage": [
              {
                "size": 512
              }
            ],
            "file_system_config": [],
            "filename": "lambda_function.zip",
            "function_name": "my-lambda-function",
            "handler": "lambda_function.handler",
            "id": "my-lambda-function",
            "image_config": [],
            "image_uri": "",
            "invoke_arn": "arn:aws:apigateway:us-east-1:lambda:path/2015-03-31/functions/arn:aws:lambda:us-east-1:291548415763:function:my-lambda-function/invocations",
            "kms_key_arn": "",
            "last_modified": "2023-11-04T08:42:02.801+0000",
            "layers": null,
            "memory_size": 128,
            "package_type": "Zip",
            "publish": false,
            "qualified_arn": "arn:aws:lambda:us-east-1:291548415763:function:my-lambda-function:$LATEST",
            "qualified_invoke_arn": "arn:aws:apigateway:us-east-1:lambda:path/2015-03-31/functions/arn:aws:lambda:us-east-1:291548415763:function:my-lambda-function:$LATEST/invocations",
            "replace_security_groups_on_destroy": null,
            "replacement_security_group_ids": null,
            "reserved_concurrent_executions": -1,
            "role": "arn:aws:iam::291548415763:role/lambda-role",
            "runtime": "python3.8",
            "s3_bucket": null,
            "s3_key": null,
            "s3_object_version": null,
            "signing_job_arn": "",
            "signing_profile_version_arn": "",
            "skip_destroy": false,
            "snap_start": [],
            "source_code_hash": "YkWPHaYzREA/wsUcC7CsXY9VC5Qz669n46KC8j2P8dA=",
            "source_code_size": 298,
            "tags": null,
            "tags_all": {},
            "timeout": 3,
            "timeouts": null,
            "tracing_config": [
              {
                "mode": "PassThrough"
              }
            ],
            "version": "$LATEST",
            "vpc_config": []
          },
          "sensitive_attributes": [],
          "private": "eyJlMmJmYjczMC1lY2FhLTExZTYtOGY4OC0zNDM2M2JjN2M0YzAiOnsiY3JlYXRlIjo2MDAwMDAwMDAwMDAsImRlbGV0ZSI6NjAwMDAwMDAwMDAwLCJ1cGRhdGUiOjYwMDAwMDAwMDAwMH19",
          "dependencies": [
            "aws_iam_role.lambda_role"
          ]
        }
      ]
    },
    {
      "mode": "managed",
      "type": "aws_lambda_permission",
      "name": "api_gateway_permission",
      "provider": "provider[\"registry.terraform.io/hashicorp/aws\"]",
      "instances": [
        {
          "schema_version": 0,
          "attributes": {
            "action": "lambda:InvokeFunction",
            "event_source_token": null,
            "function_name": "arn:aws:lambda:us-east-1:291548415763:function:my-lambda-function",
            "function_url_auth_type": null,
            "id": "AllowAPIGatewayInvoke",
            "principal": "apigateway.amazonaws.com",
            "principal_org_id": null,
            "qualifier": "",
            "source_account": null,
            "source_arn": null,
            "statement_id": "AllowAPIGatewayInvoke",
            "statement_id_prefix": ""
          },
          "sensitive_attributes": [],
          "private": "bnVsbA==",
          "dependencies": [
            "aws_iam_role.lambda_role",
            "aws_lambda_function.my_lambda"
          ]
        }
      ]
    }
  ],
  "check_results": null
}
